
Microsoft Visual Studio Solution File, Format Version 12.00
# Visual Studio 15
VisualStudioVersion = 15.0.27428.2037
MinimumVisualStudioVersion = 10.0.40219.1
Project("{FAE04EC0-301F-11D3-BF4B-00C04F79EFBC}") = "HRMS_MVVM", "HRMS_MVVM\HRMS_MVVM.csproj", "{517A8B94-1C95-49CC-87FC-5139FD15F417}"
EndProject
Project("{FAE04EC0-301F-11D3-BF4B-00C04F79EFBC}") = "HRMS_SERVICE", "HRMS_SERVICE\HRMS_SERVICE.csproj", "{1A878700-ED6A-4305-9471-E9BFB5CACD01}"
EndProject
Project("{FAE04EC0-301F-11D3-BF4B-00C04F79EFBC}") = "HRMS_SERVICE_HOST", "HRMS_SERVICE_HOST\HRMS_SERVICE_HOST.csproj", "{6A2A9C30-7C15-4564-8F11-C965CB5B379D}"
EndProject
Global
	GlobalSection(SolutionConfigurationPlatforms) = preSolution
		Debug|Any CPU = Debug|Any CPU
		Release|Any CPU = Release|Any CPU
	EndGlobalSection
	GlobalSection(ProjectConfigurationPlatforms) = postSolution
		{517A8B94-1C95-49CC-87FC-5139FD15F417}.Debug|Any CPU.ActiveCfg = Debug|Any CPU
		{517A8B94-1C95-49CC-87FC-5139FD15F417}.Debug|Any CPU.Build.0 = Debug|Any CPU
		{517A8B94-1C95-49CC-87FC-5139FD15F417}.Release|Any CPU.ActiveCfg = Release|Any CPU
		{517A8B94-1C95-49CC-87FC-5139FD15F417}.Release|Any CPU.Build.0 = Release|Any CPU
		{1A878700-ED6A-4305-9471-E9BFB5CACD01}.Debug|Any CPU.ActiveCfg = Debug|Any CPU
		{1A878700-ED6A-4305-9471-E9BFB5CACD01}.Debug|Any CPU.Build.0 = Debug|Any CPU
		{1A878700-ED6A-4305-9471-E9BFB5CACD01}.Release|Any CPU.ActiveCfg = Release|Any CPU
		{1A878700-ED6A-4305-9471-E9BFB5CACD01}.Release|Any CPU.Build.0 = Release|Any CPU
		{6A2A9C30-7C15-4564-8F11-C965CB5B379D}.Debug|Any CPU.ActiveCfg = Debug|Any CPU
		{6A2A9C30-7C15-4564-8F11-C965CB5B379D}.Debug|Any CPU.Build.0 = Debug|Any CPU
		{6A2A9C30-7C15-4564-8F11-C965CB5B379D}.Release|Any CPU.ActiveCfg = Release|Any CPU
		{6A2A9C30-7C15-4564-8F11-C965CB5B379D}.Release|Any CPU.Build.0 = Release|Any CPU
	EndGlobalSection
	GlobalSection(SolutionProperties) = preSolution
		HideSolutionNode = FALSE
	EndGlobalSection
	GlobalSection(ExtensibilityGlobals) = postSolution
		SolutionGuid = {E47F1B5F-44FC-4743-A3AD-34A4047B1352}
	EndGlobalSection
EndGlobal
